
Microsoft Visual Studio Solution File, Format Version 12.00
# Visual Studio Version 17
VisualStudioVersion = 17.4.33103.184
MinimumVisualStudioVersion = 10.0.40219.1
Project("{FAE04EC0-301F-11D3-BF4B-00C04F79EFBC}") = "Practica LAB_Semana 6_Emmanuel Sicay_1179622", "Practica LAB_Semana 6_Emmanuel Sicay_1179622\Practica LAB_Semana 6_Emmanuel Sicay_1179622.csproj", "{3B29564A-D0E1-4A5F-8277-049BA148E87E}"
EndProject
Global
	GlobalSection(SolutionConfigurationPlatforms) = preSolution
		Debug|Any CPU = Debug|Any CPU
		Release|Any CPU = Release|Any CPU
	EndGlobalSection
	GlobalSection(ProjectConfigurationPlatforms) = postSolution
		{3B29564A-D0E1-4A5F-8277-049BA148E87E}.Debug|Any CPU.ActiveCfg = Debug|Any CPU
		{3B29564A-D0E1-4A5F-8277-049BA148E87E}.Debug|Any CPU.Build.0 = Debug|Any CPU
		{3B29564A-D0E1-4A5F-8277-049BA148E87E}.Release|Any CPU.ActiveCfg = Release|Any CPU
		{3B29564A-D0E1-4A5F-8277-049BA148E87E}.Release|Any CPU.Build.0 = Release|Any CPU
	EndGlobalSection
	GlobalSection(SolutionProperties) = preSolution
		HideSolutionNode = FALSE
	EndGlobalSection
	GlobalSection(ExtensibilityGlobals) = postSolution
		SolutionGuid = {88704559-7F29-462E-8C67-7E897D4764F9}
	EndGlobalSection
EndGlobal
