
Microsoft Visual Studio Solution File, Format Version 12.00
# Visual Studio Version 17
VisualStudioVersion = 17.4.33103.184
MinimumVisualStudioVersion = 10.0.40219.1
Project("{FAE04EC0-301F-11D3-BF4B-00C04F79EFBC}") = "T9_EASC_1179622LAB_PROGRA", "T9_EASC_1179622LAB_PROGRA\T9_EASC_1179622LAB_PROGRA.csproj", "{6DCB9A0D-D7DB-428B-AAC6-BC28B30F0415}"
EndProject
Global
	GlobalSection(SolutionConfigurationPlatforms) = preSolution
		Debug|Any CPU = Debug|Any CPU
		Release|Any CPU = Release|Any CPU
	EndGlobalSection
	GlobalSection(ProjectConfigurationPlatforms) = postSolution
		{6DCB9A0D-D7DB-428B-AAC6-BC28B30F0415}.Debug|Any CPU.ActiveCfg = Debug|Any CPU
		{6DCB9A0D-D7DB-428B-AAC6-BC28B30F0415}.Debug|Any CPU.Build.0 = Debug|Any CPU
		{6DCB9A0D-D7DB-428B-AAC6-BC28B30F0415}.Release|Any CPU.ActiveCfg = Release|Any CPU
		{6DCB9A0D-D7DB-428B-AAC6-BC28B30F0415}.Release|Any CPU.Build.0 = Release|Any CPU
	EndGlobalSection
	GlobalSection(SolutionProperties) = preSolution
		HideSolutionNode = FALSE
	EndGlobalSection
	GlobalSection(ExtensibilityGlobals) = postSolution
		SolutionGuid = {C77B8DAB-CC1E-4128-9552-E58D28A8FCB4}
	EndGlobalSection
EndGlobal
